
Microsoft Visual Studio Solution File, Format Version 12.00
# Visual Studio 15
VisualStudioVersion = 15.0.27428.2015
MinimumVisualStudioVersion = 10.0.40219.1
Project("{2150E333-8FDC-42A3-9474-1A3956D46DE8}") = "0.Base", "0.Base", "{5A2A25B4-093A-4B66-AD8F-0B3904433C73}"
EndProject
Project("{2150E333-8FDC-42A3-9474-1A3956D46DE8}") = "1.Domain", "1.Domain", "{07FAC2E9-973A-4080-A920-FC54C4B3A435}"
EndProject
Project("{FAE04EC0-301F-11D3-BF4B-00C04F79EFBC}") = "WL.Infrastructure", "0.Base\WL.Infrastructure\WL.Infrastructure.csproj", "{90013FD8-7A88-4D37-8E9F-B2C04DF9349E}"
EndProject
Project("{FAE04EC0-301F-11D3-BF4B-00C04F79EFBC}") = "WL.Home", "1.Domain\WL.Home\WL.Home.csproj", "{34211909-99FE-4328-8D47-EF621FD96B0C}"
EndProject
Project("{2150E333-8FDC-42A3-9474-1A3956D46DE8}") = "2.Web", "2.Web", "{C613CEE2-7F4F-4C44-B84B-3B3BBF0C04A0}"
EndProject
Project("{FAE04EC0-301F-11D3-BF4B-00C04F79EFBC}") = "WL.Web.Home", "2.Web\WL.Web.Home\WL.Web.Home.csproj", "{C68BE4A9-0D16-4CFB-90A0-2E2BB0E75B6D}"
EndProject
Project("{FAE04EC0-301F-11D3-BF4B-00C04F79EFBC}") = "WL.Cms", "1.Domain\WL.Cms\WL.Cms.csproj", "{7B464B3D-BD9A-4873-AE69-9DEC859166BC}"
EndProject
Project("{FAE04EC0-301F-11D3-BF4B-00C04F79EFBC}") = "WL.Web.Cms", "2.Web\WL.Web.Cms\WL.Web.Cms.csproj", "{7846228A-6906-4BD6-B4BC-D2068C0776DE}"
EndProject
Global
	GlobalSection(SolutionConfigurationPlatforms) = preSolution
		Debug|Any CPU = Debug|Any CPU
		Release|Any CPU = Release|Any CPU
	EndGlobalSection
	GlobalSection(ProjectConfigurationPlatforms) = postSolution
		{90013FD8-7A88-4D37-8E9F-B2C04DF9349E}.Debug|Any CPU.ActiveCfg = Debug|Any CPU
		{90013FD8-7A88-4D37-8E9F-B2C04DF9349E}.Debug|Any CPU.Build.0 = Debug|Any CPU
		{90013FD8-7A88-4D37-8E9F-B2C04DF9349E}.Release|Any CPU.ActiveCfg = Release|Any CPU
		{90013FD8-7A88-4D37-8E9F-B2C04DF9349E}.Release|Any CPU.Build.0 = Release|Any CPU
		{34211909-99FE-4328-8D47-EF621FD96B0C}.Debug|Any CPU.ActiveCfg = Debug|Any CPU
		{34211909-99FE-4328-8D47-EF621FD96B0C}.Debug|Any CPU.Build.0 = Debug|Any CPU
		{34211909-99FE-4328-8D47-EF621FD96B0C}.Release|Any CPU.ActiveCfg = Release|Any CPU
		{34211909-99FE-4328-8D47-EF621FD96B0C}.Release|Any CPU.Build.0 = Release|Any CPU
		{C68BE4A9-0D16-4CFB-90A0-2E2BB0E75B6D}.Debug|Any CPU.ActiveCfg = Debug|Any CPU
		{C68BE4A9-0D16-4CFB-90A0-2E2BB0E75B6D}.Debug|Any CPU.Build.0 = Debug|Any CPU
		{C68BE4A9-0D16-4CFB-90A0-2E2BB0E75B6D}.Release|Any CPU.ActiveCfg = Release|Any CPU
		{C68BE4A9-0D16-4CFB-90A0-2E2BB0E75B6D}.Release|Any CPU.Build.0 = Release|Any CPU
		{7B464B3D-BD9A-4873-AE69-9DEC859166BC}.Debug|Any CPU.ActiveCfg = Debug|Any CPU
		{7B464B3D-BD9A-4873-AE69-9DEC859166BC}.Debug|Any CPU.Build.0 = Debug|Any CPU
		{7B464B3D-BD9A-4873-AE69-9DEC859166BC}.Release|Any CPU.ActiveCfg = Release|Any CPU
		{7B464B3D-BD9A-4873-AE69-9DEC859166BC}.Release|Any CPU.Build.0 = Release|Any CPU
		{7846228A-6906-4BD6-B4BC-D2068C0776DE}.Debug|Any CPU.ActiveCfg = Debug|Any CPU
		{7846228A-6906-4BD6-B4BC-D2068C0776DE}.Debug|Any CPU.Build.0 = Debug|Any CPU
		{7846228A-6906-4BD6-B4BC-D2068C0776DE}.Release|Any CPU.ActiveCfg = Release|Any CPU
		{7846228A-6906-4BD6-B4BC-D2068C0776DE}.Release|Any CPU.Build.0 = Release|Any CPU
	EndGlobalSection
	GlobalSection(SolutionProperties) = preSolution
		HideSolutionNode = FALSE
	EndGlobalSection
	GlobalSection(NestedProjects) = preSolution
		{90013FD8-7A88-4D37-8E9F-B2C04DF9349E} = {5A2A25B4-093A-4B66-AD8F-0B3904433C73}
		{34211909-99FE-4328-8D47-EF621FD96B0C} = {07FAC2E9-973A-4080-A920-FC54C4B3A435}
		{C68BE4A9-0D16-4CFB-90A0-2E2BB0E75B6D} = {C613CEE2-7F4F-4C44-B84B-3B3BBF0C04A0}
		{7B464B3D-BD9A-4873-AE69-9DEC859166BC} = {07FAC2E9-973A-4080-A920-FC54C4B3A435}
		{7846228A-6906-4BD6-B4BC-D2068C0776DE} = {C613CEE2-7F4F-4C44-B84B-3B3BBF0C04A0}
	EndGlobalSection
	GlobalSection(ExtensibilityGlobals) = postSolution
		VisualSVNWorkingCopyRoot = .
		SolutionGuid = {64233EEA-D4EC-41AC-A0F6-395371F32B6E}
	EndGlobalSection
EndGlobal
